# This file is autogenerated, do not edit; changes may be undone by the next 'dep ensure'.


[[projects]]
  digest = "1:6d8a3b164679872fa5a4c44559235f7fb109c7b5cd0f456a2159d579b76cc9ba"
  name = "github.com/DataDog/zstd"
  packages = ["."]
  pruneopts = "UT"
  revision = "809b919c325d7887bff7bd876162af73db53e878"
  version = "v1.4.0"

[[projects]]
  digest = "1:573fa46f8d413d4bc3f7cc5e86b2c43cb21559f4fb0a19d9874d228e28fdc07c"
  name = "github.com/PuerkitoBio/goquery"
  packages = ["."]
  pruneopts = "UT"
  revision = "2d2796f41742ece03e8086188fa4db16a3a0b458"
  version = "v1.5.0"

[[projects]]
  digest = "1:26a36656d85ad19f3b72ba73d0ff4aaee79a165f138bfe383199f8deface6c15"
  name = "github.com/Shopify/sarama"
  packages = [
    ".",
    "mocks",
    "tools/tls",
  ]
  pruneopts = "UT"
  revision = "ea9ab1c316850bee881a07bb2555ee8a685cd4b6"
  version = "v1.22.1"

[[projects]]
  digest = "1:34f7a5e65430906c3eeeebb52f4ff50fdc0ed06e86063c5e13dd3236109de787"
  name = "github.com/Shopify/toxiproxy"
  packages = ["client"]
  pruneopts = "UT"
  revision = "49b4ea27da29ae83ad3bfe7f7f090d18cbee1dc3"
  version = "v2.1.4"

[[projects]]
  digest = "1:66b3310cf22cdc96c35ef84ede4f7b9b370971c4025f394c89a2638729653b11"
  name = "github.com/andybalholm/cascadia"
  packages = ["."]
  pruneopts = "UT"
  revision = "901648c87902174f774fac311d7f176f8647bdaa"
  version = "v1.0.0"

[[projects]]
  branch = "master"
  digest = "1:673c9c345144a4a631ae6f97a80e119367ad2d898306fcb05e64ce29d3b834d5"
  name = "github.com/axgle/mahonia"
  packages = ["."]
  pruneopts = "UT"
  revision = "3358181d7394e26beccfae0ffde05193ef3be33a"

[[projects]]
  branch = "master"
  digest = "1:de747471fda94a360884bd972aa5633e65a77666283ec9c0d9c0755b871f3a9b"
  name = "github.com/cihub/seelog"
  packages = [
    ".",
    "archive",
    "archive/gzip",
    "archive/tar",
    "archive/zip",
  ]
  pruneopts = "UT"
  revision = "f561c5e57575bb1e0a2167028b7339b3a8d16fb4"

[[projects]]
  digest = "1:ffe9824d294da03b391f44e1ae8281281b4afc1bdaa9588c9097785e3af10cec"
  name = "github.com/davecgh/go-spew"
  packages = ["spew"]
  pruneopts = "UT"
  revision = "8991bc29aa16c548c550c7ff78260e27b9ab7c73"
  version = "v1.1.1"

[[projects]]
  digest = "1:1f0c7ab489b407a7f8f9ad16c25a504d28ab461517a971d341388a56156c1bd7"
  name = "github.com/eapache/go-resiliency"
  packages = ["breaker"]
  pruneopts = "UT"
  revision = "ea41b0fad31007accc7f806884dcdf3da98b79ce"
  version = "v1.1.0"

[[projects]]
  branch = "master"
  digest = "1:79f16588b5576b1b3cd90e48d2374cc9a1a8776862d28d8fd0f23b0e15534967"
  name = "github.com/eapache/go-xerial-snappy"
  packages = ["."]
  pruneopts = "UT"
  revision = "776d5712da21bc4762676d614db1d8a64f4238b0"

[[projects]]
  digest = "1:444b82bfe35c83bbcaf84e310fb81a1f9ece03edfed586483c869e2c046aef69"
  name = "github.com/eapache/queue"
  packages = ["."]
  pruneopts = "UT"
  revision = "44cc805cf13205b55f69e14bcb69867d1ae92f98"
  version = "v1.1.0"

[[projects]]
  digest = "1:e4f5819333ac698d294fe04dbf640f84719658d5c7ce195b10060cc37292ce79"
  name = "github.com/golang/snappy"
  packages = ["."]
  pruneopts = "UT"
  revision = "2a8bb927dd31d8daada140a5d09578521ce5c36a"
  version = "v0.0.1"

[[projects]]
  digest = "1:2629521d27f3b04ce4d524cb52a25fdc77745071239c91d6fe9a7ce10131365a"
  name = "github.com/influxdata/influxdb"
  packages = [
    "client/v2",
    "models",
    "pkg/escape",
  ]
  pruneopts = "UT"
  revision = "01c8dd416270f424ab0c40f9291e269ac6921964"
  version = "v1.7.6"

[[projects]]
  digest = "1:259f9b7645983a7a823318d78aa96dec68af8891f706493ac1ec04d819cb977c"
  name = "github.com/pierrec/lz4"
  packages = [
    ".",
    "internal/xxh32",
  ]
  pruneopts = "UT"
  revision = "d705d4371bfccdf47f10e45584e896026c83616f"
  version = "v2.2.3"

[[projects]]
  digest = "1:5272d5bcf91d1db46fc9528f706019533f1b390b94b122cff427162bc5009e40"
  name = "github.com/pierrec/xxHash"
  packages = ["xxHash32"]
  pruneopts = "UT"
  revision = "d17cb990ad2d219d5901415ceaeb50d17df59527"
  version = "v0.1.5"

[[projects]]
  digest = "1:0028cb19b2e4c3112225cd871870f2d9cf49b9b4276531f03438a88e94be86fe"
  name = "github.com/pmezard/go-difflib"
  packages = ["difflib"]
  pruneopts = "UT"
  revision = "792786c7400a136282c1664665ae0a8db921c6c2"
  version = "v1.0.0"

[[projects]]
  branch = "master"
  digest = "1:d38f81081a389f1466ec98192cf9115a82158854d6f01e1c23e2e7554b97db71"
  name = "github.com/rcrowley/go-metrics"
  packages = ["."]
  pruneopts = "UT"
  revision = "3113b8401b8a98917cde58f8bbd42a1b1c03b1fd"

[[projects]]
  digest = "1:5da8ce674952566deae4dbc23d07c85caafc6cfa815b0b3e03e41979cedb8750"
  name = "github.com/stretchr/testify"
  packages = [
    "assert",
    "require",
  ]
  pruneopts = "UT"
  revision = "ffdc059bfe9ce6a4e144ba849dbedead332c6053"
  version = "v1.3.0"

[[projects]]
  digest = "1:203567052a89a9711aacd50ac2fe2dcfe1d9fa6ef30761baca66ee7cfa11d23e"
  name = "github.com/sundy-li/burrowx"
  packages = [
    "config",
    "log",
    "monitor",
  ]
  pruneopts = "UT"
  revision = "12e1339ef11c380a2adf82e11368942b353afd14"
  version = "v2.0"

[[projects]]
  branch = "master"
  digest = "1:40fdfd6ab85ca32b6935853bbba35935dcb1d796c8135efd85947566c76e662e"
  name = "github.com/xdg/scram"
  packages = ["."]
  pruneopts = "UT"
  revision = "7eeb5667e42c09cb51bf7b7c28aea8c56767da90"

[[projects]]
  digest = "1:577b99fc55ee19cbf1ffd072808c91ced78cd732bd9d0517bec9b90e532069cb"
  name = "github.com/xdg/stringprep"
  packages = ["."]
  pruneopts = "UT"
  revision = "bd625b8dc1e3b0f57412280ccbcc317f0c69d8db"
  version = "v1.0.0"

[[projects]]
  branch = "master"
  digest = "1:f92f6956e4059f6a3efc14924d2dd58ba90da25cc57fe07ae3779ef2f5e0c5f2"
  name = "golang.org/x/crypto"
  packages = ["pbkdf2"]
  pruneopts = "UT"
  revision = "22d7a77e9e5f409e934ed268692e56707cd169e5"

[[projects]]
  branch = "master"
  digest = "1:ba81ded3e69e3011cd474b5cc9abbb1cf30a25244a5c488d336684d7c3c78226"
  name = "golang.org/x/net"
  packages = [
    "html",
    "html/atom",
    "internal/socks",
    "proxy",
  ]
  pruneopts = "UT"
  revision = "f3200d17e092c607f615320ecaad13d87ad9a2b3"

[[projects]]
  branch = "master"
  digest = "1:668e8c66b8895d69391429b0f64a72c35603c94f364c94d4e5fab5053d57a0b6"
  name = "golang.org/x/sys"
  packages = ["unix"]
  pruneopts = "UT"
  revision = "adf421d2caf4ffcf74142ff5fb9ee323b21a819e"

[[projects]]
  digest = "1:1093f2eb4b344996604f7d8b29a16c5b22ab9e1b25652140d3fede39f640d5cd"
  name = "golang.org/x/text"
  packages = [
    "internal/gen",
    "internal/triegen",
    "internal/ucd",
    "transform",
    "unicode/cldr",
    "unicode/norm",
  ]
  pruneopts = "UT"
  revision = "342b2e1fbaa52c93f31447ad2c6abc048c63e475"
  version = "v0.3.2"

[solve-meta]
  analyzer-name = "dep"
  analyzer-version = 1
  input-imports = [
    "github.com/DataDog/zstd",
    "github.com/PuerkitoBio/goquery",
    "github.com/Shopify/sarama",
    "github.com/Shopify/sarama/mocks",
    "github.com/Shopify/sarama/tools/tls",
    "github.com/Shopify/toxiproxy/client",
    "github.com/andybalholm/cascadia",
    "github.com/axgle/mahonia",
    "github.com/cihub/seelog",
    "github.com/cihub/seelog/archive",
    "github.com/cihub/seelog/archive/gzip",
    "github.com/cihub/seelog/archive/tar",
    "github.com/cihub/seelog/archive/zip",
    "github.com/davecgh/go-spew/spew",
    "github.com/eapache/go-resiliency/breaker",
    "github.com/eapache/go-xerial-snappy",
    "github.com/eapache/queue",
    "github.com/golang/snappy",
    "github.com/influxdata/influxdb/client/v2",
    "github.com/pierrec/lz4",
    "github.com/pierrec/xxHash/xxHash32",
    "github.com/rcrowley/go-metrics",
    "github.com/stretchr/testify/require",
    "github.com/sundy-li/burrowx/config",
    "github.com/sundy-li/burrowx/log",
    "github.com/sundy-li/burrowx/monitor",
    "github.com/xdg/scram",
    "golang.org/x/net/html",
    "golang.org/x/net/proxy",
    "golang.org/x/sys/unix",
  ]
  solver-name = "gps-cdcl"
  solver-version = 1
